[{<<"cowboy">>,
  {git,"https://github.com/ninenines/cowboy.git",
       {ref,"0c4103984b28c9df1770a0eea0d14ba9cacc49e0"}},
  0},
 {<<"cowlib">>,
  {git,"https://github.com/ninenines/cowlib",
       {ref,"faa57b16eba29a2609c23bbe01d42f6d37a1d511"}},
  1},
 {<<"ranch">>,
  {git,"https://github.com/ninenines/ranch",
       {ref,"3190aef88aea04d6dce8545fe9b4574288903f44"}},
  1},
 {<<"sync">>,
  {git,"git://github.com/rustyio/sync.git",
       {ref,"d7ded2d221fb542b3417cffe77163206613daacb"}},
  0}].
